
Microsoft Visual Studio Solution File, Format Version 12.00
# Visual Studio Version 16
VisualStudioVersion = 16.0.29519.87
MinimumVisualStudioVersion = 10.0.40219.1
Project("{FAE04EC0-301F-11D3-BF4B-00C04F79EFBC}") = "Examen Unidad 1", "Examen Unidad 1.csproj", "{520735B3-1C77-4A5C-A250-A5A27ED66753}"
EndProject
Global
	GlobalSection(SolutionConfigurationPlatforms) = preSolution
		Debug|Any CPU = Debug|Any CPU
		Release|Any CPU = Release|Any CPU
	EndGlobalSection
	GlobalSection(ProjectConfigurationPlatforms) = postSolution
		{520735B3-1C77-4A5C-A250-A5A27ED66753}.Debug|Any CPU.ActiveCfg = Debug|Any CPU
		{520735B3-1C77-4A5C-A250-A5A27ED66753}.Debug|Any CPU.Build.0 = Debug|Any CPU
		{520735B3-1C77-4A5C-A250-A5A27ED66753}.Release|Any CPU.ActiveCfg = Release|Any CPU
		{520735B3-1C77-4A5C-A250-A5A27ED66753}.Release|Any CPU.Build.0 = Release|Any CPU
	EndGlobalSection
	GlobalSection(SolutionProperties) = preSolution
		HideSolutionNode = FALSE
	EndGlobalSection
	GlobalSection(ExtensibilityGlobals) = postSolution
		SolutionGuid = {29381B68-939E-41EB-B022-AD957ED18DD5}
	EndGlobalSection
EndGlobal
