
Microsoft Visual Studio Solution File, Format Version 12.00
# Visual Studio Version 16
VisualStudioVersion = 16.0.29519.87
MinimumVisualStudioVersion = 10.0.40219.1
Project("{FAE04EC0-301F-11D3-BF4B-00C04F79EFBC}") = "ejercicio 15", "ejercicio 15.csproj", "{D39B3F53-C9B2-4AED-B513-E2E83D4C90C6}"
EndProject
Global
	GlobalSection(SolutionConfigurationPlatforms) = preSolution
		Debug|Any CPU = Debug|Any CPU
		Release|Any CPU = Release|Any CPU
	EndGlobalSection
	GlobalSection(ProjectConfigurationPlatforms) = postSolution
		{D39B3F53-C9B2-4AED-B513-E2E83D4C90C6}.Debug|Any CPU.ActiveCfg = Debug|Any CPU
		{D39B3F53-C9B2-4AED-B513-E2E83D4C90C6}.Debug|Any CPU.Build.0 = Debug|Any CPU
		{D39B3F53-C9B2-4AED-B513-E2E83D4C90C6}.Release|Any CPU.ActiveCfg = Release|Any CPU
		{D39B3F53-C9B2-4AED-B513-E2E83D4C90C6}.Release|Any CPU.Build.0 = Release|Any CPU
	EndGlobalSection
	GlobalSection(SolutionProperties) = preSolution
		HideSolutionNode = FALSE
	EndGlobalSection
	GlobalSection(ExtensibilityGlobals) = postSolution
		SolutionGuid = {DACBD014-98ED-458F-843F-650F4BDD5B8A}
	EndGlobalSection
EndGlobal
