
Microsoft Visual Studio Solution File, Format Version 12.00
# Visual Studio Version 16
VisualStudioVersion = 16.0.29519.87
MinimumVisualStudioVersion = 10.0.40219.1
Project("{FAE04EC0-301F-11D3-BF4B-00C04F79EFBC}") = "Herencia 1", "Herencia 1.csproj", "{FBC0DC35-4413-4120-9AAC-A0DDE5E74D22}"
EndProject
Global
	GlobalSection(SolutionConfigurationPlatforms) = preSolution
		Debug|Any CPU = Debug|Any CPU
		Release|Any CPU = Release|Any CPU
	EndGlobalSection
	GlobalSection(ProjectConfigurationPlatforms) = postSolution
		{FBC0DC35-4413-4120-9AAC-A0DDE5E74D22}.Debug|Any CPU.ActiveCfg = Debug|Any CPU
		{FBC0DC35-4413-4120-9AAC-A0DDE5E74D22}.Debug|Any CPU.Build.0 = Debug|Any CPU
		{FBC0DC35-4413-4120-9AAC-A0DDE5E74D22}.Release|Any CPU.ActiveCfg = Release|Any CPU
		{FBC0DC35-4413-4120-9AAC-A0DDE5E74D22}.Release|Any CPU.Build.0 = Release|Any CPU
	EndGlobalSection
	GlobalSection(SolutionProperties) = preSolution
		HideSolutionNode = FALSE
	EndGlobalSection
	GlobalSection(ExtensibilityGlobals) = postSolution
		SolutionGuid = {8EF3DB75-B573-4D0E-B74C-9AD828C444F4}
	EndGlobalSection
EndGlobal
